
Microsoft Visual Studio Solution File, Format Version 12.00
# Visual Studio Version 17
VisualStudioVersion = 17.14.36401.2 d17.14
MinimumVisualStudioVersion = 10.0.40219.1
Project("{8BC9CEB8-8B4A-11D0-8D11-00A0C91BC942}") = "Lab8", "Lab8.vcxproj", "{4AACEF6C-356B-4EC9-8D37-D95D919BB743}"
EndProject
Global
	GlobalSection(SolutionConfigurationPlatforms) = preSolution
		Debug|x64 = Debug|x64
		Debug|x86 = Debug|x86
		Release|x64 = Release|x64
		Release|x86 = Release|x86
	EndGlobalSection
	GlobalSection(ProjectConfigurationPlatforms) = postSolution
		{4AACEF6C-356B-4EC9-8D37-D95D919BB743}.Debug|x64.ActiveCfg = Debug|x64
		{4AACEF6C-356B-4EC9-8D37-D95D919BB743}.Debug|x64.Build.0 = Debug|x64
		{4AACEF6C-356B-4EC9-8D37-D95D919BB743}.Debug|x86.ActiveCfg = Debug|Win32
		{4AACEF6C-356B-4EC9-8D37-D95D919BB743}.Debug|x86.Build.0 = Debug|Win32
		{4AACEF6C-356B-4EC9-8D37-D95D919BB743}.Release|x64.ActiveCfg = Release|x64
		{4AACEF6C-356B-4EC9-8D37-D95D919BB743}.Release|x64.Build.0 = Release|x64
		{4AACEF6C-356B-4EC9-8D37-D95D919BB743}.Release|x86.ActiveCfg = Release|Win32
		{4AACEF6C-356B-4EC9-8D37-D95D919BB743}.Release|x86.Build.0 = Release|Win32
	EndGlobalSection
	GlobalSection(SolutionProperties) = preSolution
		HideSolutionNode = FALSE
	EndGlobalSection
	GlobalSection(ExtensibilityGlobals) = postSolution
		SolutionGuid = {00B9CD2F-4301-4649-A2D2-DB4D3EE1D7C8}
	EndGlobalSection
EndGlobal
